{
  "name": "memory-auditor",
  "version": "0.2.0",
  "lockfileVersion": 3,
  "requires": true,
  "packages": {
    "": {
      "name": "memory-auditor",
      "version": "0.2.0",
      "bin": {
        "memory-auditor": "memory-auditor.mjs"
      },
      "engines": {
        "node": ">=20"
      }
    }
  }
}
